// !$*UTF8*$!
{
	archiveVersion = 1;
	classes = {
	};
	objectVersion = 56;
	objects = {

/* Begin PBXBuildFile section */
		AA2587422BBE45ED00370D68 /* Image+extension.swift in Sources */ = {isa = PBXBuildFile; fileRef = AA2587412BBE45ED00370D68 /* Image+extension.swift */; };
		AA628C932B8654BE00C2F2E6 /* AppDelegate.swift in Sources */ = {isa = PBXBuildFile; fileRef = AA628C922B8654BE00C2F2E6 /* AppDelegate.swift */; };
		AA628C952B8654BE00C2F2E6 /* SceneDelegate.swift in Sources */ = {isa = PBXBuildFile; fileRef = AA628C942B8654BE00C2F2E6 /* SceneDelegate.swift */; };
		AA628C972B8654BE00C2F2E6 /* ViewController.swift in Sources */ = {isa = PBXBuildFile; fileRef = AA628C962B8654BE00C2F2E6 /* ViewController.swift */; };
		AA628C9A2B8654BE00C2F2E6 /* Main.storyboard in Resources */ = {isa = PBXBuildFile; fileRef = AA628C982B8654BE00C2F2E6 /* Main.storyboard */; };
		AA628C9C2B8654C000C2F2E6 /* Assets.xcassets in Resources */ = {isa = PBXBuildFile; fileRef = AA628C9B2B8654C000C2F2E6 /* Assets.xcassets */; };
		AA628C9F2B8654C000C2F2E6 /* LaunchScreen.storyboard in Resources */ = {isa = PBXBuildFile; fileRef = AA628C9D2B8654C000C2F2E6 /* LaunchScreen.storyboard */; };
		AA628CAD2B8656CD00C2F2E6 /* UIView+Extension.swift in Sources */ = {isa = PBXBuildFile; fileRef = AA628CAC2B8656CD00C2F2E6 /* UIView+Extension.swift */; };
		AA628CAF2B8656F800C2F2E6 /* String+Extension.swift in Sources */ = {isa = PBXBuildFile; fileRef = AA628CAE2B8656F800C2F2E6 /* String+Extension.swift */; };
		AA628CB22B86573200C2F2E6 /* MoviesWebService.swift in Sources */ = {isa = PBXBuildFile; fileRef = AA628CB12B86573200C2F2E6 /* MoviesWebService.swift */; };
		AA628CB42B86574200C2F2E6 /* ErrorWebService .swift in Sources */ = {isa = PBXBuildFile; fileRef = AA628CB32B86574200C2F2E6 /* ErrorWebService .swift */; };
		AA628CB62B86576100C2F2E6 /* MoviesPaths.swift in Sources */ = {isa = PBXBuildFile; fileRef = AA628CB52B86576100C2F2E6 /* MoviesPaths.swift */; };
		AA628CB82B86577C00C2F2E6 /* MoviesUrlConfiguration.swift in Sources */ = {isa = PBXBuildFile; fileRef = AA628CB72B86577C00C2F2E6 /* MoviesUrlConfiguration.swift */; };
		AA628CCF2B86590E00C2F2E6 /* MostPopularMoviesPresenter.swift in Sources */ = {isa = PBXBuildFile; fileRef = AA628CCA2B86590E00C2F2E6 /* MostPopularMoviesPresenter.swift */; };
		AA628CD02B86590E00C2F2E6 /* MostPopularMoviesRouter.swift in Sources */ = {isa = PBXBuildFile; fileRef = AA628CCB2B86590E00C2F2E6 /* MostPopularMoviesRouter.swift */; };
		AA628CD12B86590E00C2F2E6 /* MostPopularMoviesViewController.swift in Sources */ = {isa = PBXBuildFile; fileRef = AA628CCC2B86590E00C2F2E6 /* MostPopularMoviesViewController.swift */; };
		AA628CD22B86590E00C2F2E6 /* MostPopularMoviesProtocols.swift in Sources */ = {isa = PBXBuildFile; fileRef = AA628CCD2B86590E00C2F2E6 /* MostPopularMoviesProtocols.swift */; };
		AA628CD32B86590E00C2F2E6 /* MostPopularMoviesInteractor.swift in Sources */ = {isa = PBXBuildFile; fileRef = AA628CCE2B86590E00C2F2E6 /* MostPopularMoviesInteractor.swift */; };
		AA628CD52B86594B00C2F2E6 /* MostPopularMoviesResponse.swift in Sources */ = {isa = PBXBuildFile; fileRef = AA628CD42B86594B00C2F2E6 /* MostPopularMoviesResponse.swift */; };
		AA745A732BABAC81009CA608 /* UpcomingResponsePresenter.swift in Sources */ = {isa = PBXBuildFile; fileRef = AA745A6E2BABAC81009CA608 /* UpcomingResponsePresenter.swift */; };
		AA745A742BABAC81009CA608 /* UpcomingResponseRouter.swift in Sources */ = {isa = PBXBuildFile; fileRef = AA745A6F2BABAC81009CA608 /* UpcomingResponseRouter.swift */; };
		AA745A752BABAC81009CA608 /* UpcomingResponseViewController.swift in Sources */ = {isa = PBXBuildFile; fileRef = AA745A702BABAC81009CA608 /* UpcomingResponseViewController.swift */; };
		AA745A762BABAC81009CA608 /* UpcomingResponseProtocols.swift in Sources */ = {isa = PBXBuildFile; fileRef = AA745A712BABAC81009CA608 /* UpcomingResponseProtocols.swift */; };
		AA745A772BABAC81009CA608 /* UpcomingResponseInteractor.swift in Sources */ = {isa = PBXBuildFile; fileRef = AA745A722BABAC81009CA608 /* UpcomingResponseInteractor.swift */; };
		AA745A802BABAD2F009CA608 /* UpcomingResponseEntity.swift in Sources */ = {isa = PBXBuildFile; fileRef = AA745A7F2BABAD2F009CA608 /* UpcomingResponseEntity.swift */; };
		AA745A822BABBE37009CA608 /* ExtensionUpcomingResponseView.swift in Sources */ = {isa = PBXBuildFile; fileRef = AA745A812BABBE37009CA608 /* ExtensionUpcomingResponseView.swift */; };
		AA745A852BABC03D009CA608 /* UpcomingResponseView.xib in Resources */ = {isa = PBXBuildFile; fileRef = AA745A842BABC03D009CA608 /* UpcomingResponseView.xib */; };
		AA745A8A2BABC6C9009CA608 /* UpcomingCellTableViewCell.swift in Sources */ = {isa = PBXBuildFile; fileRef = AA745A882BABC6C9009CA608 /* UpcomingCellTableViewCell.swift */; };
		AA745A8B2BABC6C9009CA608 /* UpcomingCellTableViewCell.xib in Resources */ = {isa = PBXBuildFile; fileRef = AA745A892BABC6C9009CA608 /* UpcomingCellTableViewCell.xib */; };
		AA745A8E2BABCC1B009CA608 /* TapBarController.swift in Sources */ = {isa = PBXBuildFile; fileRef = AA745A8D2BABCC1B009CA608 /* TapBarController.swift */; };
		AA7E99122BAE20B9000EFD85 /* NowPlayingMoviesPresenter.swift in Sources */ = {isa = PBXBuildFile; fileRef = AA7E990D2BAE20B9000EFD85 /* NowPlayingMoviesPresenter.swift */; };
		AA7E99132BAE20B9000EFD85 /* NowPlayingMoviesRouter.swift in Sources */ = {isa = PBXBuildFile; fileRef = AA7E990E2BAE20B9000EFD85 /* NowPlayingMoviesRouter.swift */; };
		AA7E99142BAE20B9000EFD85 /* NowPlayingMoviesViewController.swift in Sources */ = {isa = PBXBuildFile; fileRef = AA7E990F2BAE20B9000EFD85 /* NowPlayingMoviesViewController.swift */; };
		AA7E99152BAE20B9000EFD85 /* NowPlayingMoviesProtocols.swift in Sources */ = {isa = PBXBuildFile; fileRef = AA7E99102BAE20B9000EFD85 /* NowPlayingMoviesProtocols.swift */; };
		AA7E99162BAE20B9000EFD85 /* NowPlayingMoviesInteractor.swift in Sources */ = {isa = PBXBuildFile; fileRef = AA7E99112BAE20B9000EFD85 /* NowPlayingMoviesInteractor.swift */; };
		AA7E991F2BAE212D000EFD85 /* Entity.swift in Sources */ = {isa = PBXBuildFile; fileRef = AA7E991E2BAE212D000EFD85 /* Entity.swift */; };
		AA7E99232BAE29B7000EFD85 /* NowPlayingMoviesTableViewCell.swift in Sources */ = {isa = PBXBuildFile; fileRef = AA7E99212BAE29B7000EFD85 /* NowPlayingMoviesTableViewCell.swift */; };
		AA7E99242BAE29B7000EFD85 /* NowPlayingMoviesTableViewCell.xib in Resources */ = {isa = PBXBuildFile; fileRef = AA7E99222BAE29B7000EFD85 /* NowPlayingMoviesTableViewCell.xib */; };
		AA7E99262BAE2AED000EFD85 /* ExtensionNowPlayingMovies.swift in Sources */ = {isa = PBXBuildFile; fileRef = AA7E99252BAE2AED000EFD85 /* ExtensionNowPlayingMovies.swift */; };
		AA7E99282BAE2B24000EFD85 /* NowPLayingMoviesView.xib in Resources */ = {isa = PBXBuildFile; fileRef = AA7E99272BAE2B24000EFD85 /* NowPLayingMoviesView.xib */; };
		AA7EDE6C2B9BCE5300FB8563 /* MostPopularMoviesExtension.swift in Sources */ = {isa = PBXBuildFile; fileRef = AA7EDE6B2B9BCE5300FB8563 /* MostPopularMoviesExtension.swift */; };
		AA8866522BA2B4FC00755D81 /* MostPopularMoviesViewController.xib in Resources */ = {isa = PBXBuildFile; fileRef = AA8866512BA2B4FC00755D81 /* MostPopularMoviesViewController.xib */; };
		AA9310352BB50ACD008A3279 /* DetailViewPresenter.swift in Sources */ = {isa = PBXBuildFile; fileRef = AA9310302BB50ACD008A3279 /* DetailViewPresenter.swift */; };
		AA9310362BB50ACD008A3279 /* DetailViewRouter.swift in Sources */ = {isa = PBXBuildFile; fileRef = AA9310312BB50ACD008A3279 /* DetailViewRouter.swift */; };
		AA9310372BB50ACD008A3279 /* DetailViewViewController.swift in Sources */ = {isa = PBXBuildFile; fileRef = AA9310322BB50ACD008A3279 /* DetailViewViewController.swift */; };
		AA9310382BB50ACD008A3279 /* DetailViewProtocols.swift in Sources */ = {isa = PBXBuildFile; fileRef = AA9310332BB50ACD008A3279 /* DetailViewProtocols.swift */; };
		AA9310392BB50ACD008A3279 /* DetailViewInteractor.swift in Sources */ = {isa = PBXBuildFile; fileRef = AA9310342BB50ACD008A3279 /* DetailViewInteractor.swift */; };
		AA9310412BB50B4A008A3279 /* DetailViewEntity.swift in Sources */ = {isa = PBXBuildFile; fileRef = AA9310402BB50B4A008A3279 /* DetailViewEntity.swift */; };
		AAE606A32B92DD52006D94F7 /* MostPopularTableViewCell.swift in Sources */ = {isa = PBXBuildFile; fileRef = AAE606A12B92DD52006D94F7 /* MostPopularTableViewCell.swift */; };
		AAE606A42B92DD52006D94F7 /* MostPopularTableViewCell.xib in Resources */ = {isa = PBXBuildFile; fileRef = AAE606A22B92DD52006D94F7 /* MostPopularTableViewCell.xib */; };
/* End PBXBuildFile section */

/* Begin PBXFileReference section */
		AA2587412BBE45ED00370D68 /* Image+extension.swift */ = {isa = PBXFileReference; lastKnownFileType = sourcecode.swift; path = "Image+extension.swift"; sourceTree = "<group>"; };
		AA628C8F2B8654BE00C2F2E6 /* MyMoviesViper.app */ = {isa = PBXFileReference; explicitFileType = wrapper.application; includeInIndex = 0; path = MyMoviesViper.app; sourceTree = BUILT_PRODUCTS_DIR; };
		AA628C922B8654BE00C2F2E6 /* AppDelegate.swift */ = {isa = PBXFileReference; lastKnownFileType = sourcecode.swift; path = AppDelegate.swift; sourceTree = "<group>"; };
		AA628C942B8654BE00C2F2E6 /* SceneDelegate.swift */ = {isa = PBXFileReference; lastKnownFileType = sourcecode.swift; path = SceneDelegate.swift; sourceTree = "<group>"; };
		AA628C962B8654BE00C2F2E6 /* ViewController.swift */ = {isa = PBXFileReference; lastKnownFileType = sourcecode.swift; path = ViewController.swift; sourceTree = "<group>"; };
		AA628C992B8654BE00C2F2E6 /* Base */ = {isa = PBXFileReference; lastKnownFileType = file.storyboard; name = Base; path = Base.lproj/Main.storyboard; sourceTree = "<group>"; };
		AA628C9B2B8654C000C2F2E6 /* Assets.xcassets */ = {isa = PBXFileReference; lastKnownFileType = folder.assetcatalog; path = Assets.xcassets; sourceTree = "<group>"; };
		AA628C9E2B8654C000C2F2E6 /* Base */ = {isa = PBXFileReference; lastKnownFileType = file.storyboard; name = Base; path = Base.lproj/LaunchScreen.storyboard; sourceTree = "<group>"; };
		AA628CA02B8654C000C2F2E6 /* Info.plist */ = {isa = PBXFileReference; lastKnownFileType = text.plist.xml; path = Info.plist; sourceTree = "<group>"; };
		AA628CAC2B8656CD00C2F2E6 /* UIView+Extension.swift */ = {isa = PBXFileReference; lastKnownFileType = sourcecode.swift; path = "UIView+Extension.swift"; sourceTree = "<group>"; };
		AA628CAE2B8656F800C2F2E6 /* String+Extension.swift */ = {isa = PBXFileReference; lastKnownFileType = sourcecode.swift; path = "String+Extension.swift"; sourceTree = "<group>"; };
		AA628CB12B86573200C2F2E6 /* MoviesWebService.swift */ = {isa = PBXFileReference; lastKnownFileType = sourcecode.swift; path = MoviesWebService.swift; sourceTree = "<group>"; };
		AA628CB32B86574200C2F2E6 /* ErrorWebService .swift */ = {isa = PBXFileReference; lastKnownFileType = sourcecode.swift; path = "ErrorWebService .swift"; sourceTree = "<group>"; };
		AA628CB52B86576100C2F2E6 /* MoviesPaths.swift */ = {isa = PBXFileReference; lastKnownFileType = sourcecode.swift; path = MoviesPaths.swift; sourceTree = "<group>"; };
		AA628CB72B86577C00C2F2E6 /* MoviesUrlConfiguration.swift */ = {isa = PBXFileReference; lastKnownFileType = sourcecode.swift; path = MoviesUrlConfiguration.swift; sourceTree = "<group>"; };
		AA628CCA2B86590E00C2F2E6 /* MostPopularMoviesPresenter.swift */ = {isa = PBXFileReference; lastKnownFileType = sourcecode.swift; path = MostPopularMoviesPresenter.swift; sourceTree = "<group>"; };
		AA628CCB2B86590E00C2F2E6 /* MostPopularMoviesRouter.swift */ = {isa = PBXFileReference; lastKnownFileType = sourcecode.swift; name = MostPopularMoviesRouter.swift; path = ../MostPopularMoviesRouter.swift; sourceTree = "<group>"; };
		AA628CCC2B86590E00C2F2E6 /* MostPopularMoviesViewController.swift */ = {isa = PBXFileReference; lastKnownFileType = sourcecode.swift; path = MostPopularMoviesViewController.swift; sourceTree = "<group>"; };
		AA628CCD2B86590E00C2F2E6 /* MostPopularMoviesProtocols.swift */ = {isa = PBXFileReference; lastKnownFileType = sourcecode.swift; path = MostPopularMoviesProtocols.swift; sourceTree = "<group>"; };
		AA628CCE2B86590E00C2F2E6 /* MostPopularMoviesInteractor.swift */ = {isa = PBXFileReference; lastKnownFileType = sourcecode.swift; path = MostPopularMoviesInteractor.swift; sourceTree = "<group>"; };
		AA628CD42B86594B00C2F2E6 /* MostPopularMoviesResponse.swift */ = {isa = PBXFileReference; lastKnownFileType = sourcecode.swift; path = MostPopularMoviesResponse.swift; sourceTree = "<group>"; };
		AA745A6E2BABAC81009CA608 /* UpcomingResponsePresenter.swift */ = {isa = PBXFileReference; lastKnownFileType = sourcecode.swift; path = UpcomingResponsePresenter.swift; sourceTree = "<group>"; };
		AA745A6F2BABAC81009CA608 /* UpcomingResponseRouter.swift */ = {isa = PBXFileReference; lastKnownFileType = sourcecode.swift; path = UpcomingResponseRouter.swift; sourceTree = "<group>"; };
		AA745A702BABAC81009CA608 /* UpcomingResponseViewController.swift */ = {isa = PBXFileReference; lastKnownFileType = sourcecode.swift; path = UpcomingResponseViewController.swift; sourceTree = "<group>"; };
		AA745A712BABAC81009CA608 /* UpcomingResponseProtocols.swift */ = {isa = PBXFileReference; lastKnownFileType = sourcecode.swift; path = UpcomingResponseProtocols.swift; sourceTree = "<group>"; };
		AA745A722BABAC81009CA608 /* UpcomingResponseInteractor.swift */ = {isa = PBXFileReference; lastKnownFileType = sourcecode.swift; path = UpcomingResponseInteractor.swift; sourceTree = "<group>"; };
		AA745A7F2BABAD2F009CA608 /* UpcomingResponseEntity.swift */ = {isa = PBXFileReference; lastKnownFileType = sourcecode.swift; path = UpcomingResponseEntity.swift; sourceTree = "<group>"; };
		AA745A812BABBE37009CA608 /* ExtensionUpcomingResponseView.swift */ = {isa = PBXFileReference; lastKnownFileType = sourcecode.swift; path = ExtensionUpcomingResponseView.swift; sourceTree = "<group>"; };
		AA745A842BABC03D009CA608 /* UpcomingResponseView.xib */ = {isa = PBXFileReference; lastKnownFileType = file.xib; path = UpcomingResponseView.xib; sourceTree = "<group>"; };
		AA745A882BABC6C9009CA608 /* UpcomingCellTableViewCell.swift */ = {isa = PBXFileReference; lastKnownFileType = sourcecode.swift; path = UpcomingCellTableViewCell.swift; sourceTree = "<group>"; };
		AA745A892BABC6C9009CA608 /* UpcomingCellTableViewCell.xib */ = {isa = PBXFileReference; lastKnownFileType = file.xib; path = UpcomingCellTableViewCell.xib; sourceTree = "<group>"; };
		AA745A8D2BABCC1B009CA608 /* TapBarController.swift */ = {isa = PBXFileReference; lastKnownFileType = sourcecode.swift; path = TapBarController.swift; sourceTree = "<group>"; };
		AA7E990D2BAE20B9000EFD85 /* NowPlayingMoviesPresenter.swift */ = {isa = PBXFileReference; lastKnownFileType = sourcecode.swift; path = NowPlayingMoviesPresenter.swift; sourceTree = "<group>"; };
		AA7E990E2BAE20B9000EFD85 /* NowPlayingMoviesRouter.swift */ = {isa = PBXFileReference; lastKnownFileType = sourcecode.swift; path = NowPlayingMoviesRouter.swift; sourceTree = "<group>"; };
		AA7E990F2BAE20B9000EFD85 /* NowPlayingMoviesViewController.swift */ = {isa = PBXFileReference; lastKnownFileType = sourcecode.swift; path = NowPlayingMoviesViewController.swift; sourceTree = "<group>"; };
		AA7E99102BAE20B9000EFD85 /* NowPlayingMoviesProtocols.swift */ = {isa = PBXFileReference; lastKnownFileType = sourcecode.swift; path = NowPlayingMoviesProtocols.swift; sourceTree = "<group>"; };
		AA7E99112BAE20B9000EFD85 /* NowPlayingMoviesInteractor.swift */ = {isa = PBXFileReference; lastKnownFileType = sourcecode.swift; path = NowPlayingMoviesInteractor.swift; sourceTree = "<group>"; };
		AA7E991E2BAE212D000EFD85 /* Entity.swift */ = {isa = PBXFileReference; lastKnownFileType = sourcecode.swift; path = Entity.swift; sourceTree = "<group>"; };
		AA7E99212BAE29B7000EFD85 /* NowPlayingMoviesTableViewCell.swift */ = {isa = PBXFileReference; lastKnownFileType = sourcecode.swift; path = NowPlayingMoviesTableViewCell.swift; sourceTree = "<group>"; };
		AA7E99222BAE29B7000EFD85 /* NowPlayingMoviesTableViewCell.xib */ = {isa = PBXFileReference; lastKnownFileType = file.xib; path = NowPlayingMoviesTableViewCell.xib; sourceTree = "<group>"; };
		AA7E99252BAE2AED000EFD85 /* ExtensionNowPlayingMovies.swift */ = {isa = PBXFileReference; lastKnownFileType = sourcecode.swift; path = ExtensionNowPlayingMovies.swift; sourceTree = "<group>"; };
		AA7E99272BAE2B24000EFD85 /* NowPLayingMoviesView.xib */ = {isa = PBXFileReference; lastKnownFileType = file.xib; path = NowPLayingMoviesView.xib; sourceTree = "<group>"; };
		AA7EDE6B2B9BCE5300FB8563 /* MostPopularMoviesExtension.swift */ = {isa = PBXFileReference; lastKnownFileType = sourcecode.swift; path = MostPopularMoviesExtension.swift; sourceTree = "<group>"; };
		AA8866512BA2B4FC00755D81 /* MostPopularMoviesViewController.xib */ = {isa = PBXFileReference; lastKnownFileType = file.xib; path = MostPopularMoviesViewController.xib; sourceTree = "<group>"; };
		AA9310302BB50ACD008A3279 /* DetailViewPresenter.swift */ = {isa = PBXFileReference; lastKnownFileType = sourcecode.swift; path = DetailViewPresenter.swift; sourceTree = "<group>"; };
		AA9310312BB50ACD008A3279 /* DetailViewRouter.swift */ = {isa = PBXFileReference; lastKnownFileType = sourcecode.swift; path = DetailViewRouter.swift; sourceTree = "<group>"; };
		AA9310322BB50ACD008A3279 /* DetailViewViewController.swift */ = {isa = PBXFileReference; lastKnownFileType = sourcecode.swift; path = DetailViewViewController.swift; sourceTree = "<group>"; };
		AA9310332BB50ACD008A3279 /* DetailViewProtocols.swift */ = {isa = PBXFileReference; lastKnownFileType = sourcecode.swift; path = DetailViewProtocols.swift; sourceTree = "<group>"; };
		AA9310342BB50ACD008A3279 /* DetailViewInteractor.swift */ = {isa = PBXFileReference; lastKnownFileType = sourcecode.swift; path = DetailViewInteractor.swift; sourceTree = "<group>"; };
		AA9310402BB50B4A008A3279 /* DetailViewEntity.swift */ = {isa = PBXFileReference; lastKnownFileType = sourcecode.swift; path = DetailViewEntity.swift; sourceTree = "<group>"; };
		AAE606A12B92DD52006D94F7 /* MostPopularTableViewCell.swift */ = {isa = PBXFileReference; lastKnownFileType = sourcecode.swift; path = MostPopularTableViewCell.swift; sourceTree = "<group>"; };
		AAE606A22B92DD52006D94F7 /* MostPopularTableViewCell.xib */ = {isa = PBXFileReference; lastKnownFileType = file.xib; path = MostPopularTableViewCell.xib; sourceTree = "<group>"; };
/* End PBXFileReference section */

/* Begin PBXFrameworksBuildPhase section */
		AA628C8C2B8654BE00C2F2E6 /* Frameworks */ = {
			isa = PBXFrameworksBuildPhase;
			buildActionMask = 2147483647;
			files = (
			);
			runOnlyForDeploymentPostprocessing = 0;
		};
/* End PBXFrameworksBuildPhase section */

/* Begin PBXGroup section */
		AA2587402BBE45BD00370D68 /* Image */ = {
			isa = PBXGroup;
			children = (
			);
			path = Image;
			sourceTree = "<group>";
		};
		AA628C862B8654BE00C2F2E6 = {
			isa = PBXGroup;
			children = (
				AA628C912B8654BE00C2F2E6 /* MyMoviesViper */,
				AA628C902B8654BE00C2F2E6 /* Products */,
			);
			sourceTree = "<group>";
		};
		AA628C902B8654BE00C2F2E6 /* Products */ = {
			isa = PBXGroup;
			children = (
				AA628C8F2B8654BE00C2F2E6 /* MyMoviesViper.app */,
			);
			name = Products;
			sourceTree = "<group>";
		};
		AA628C912B8654BE00C2F2E6 /* MyMoviesViper */ = {
			isa = PBXGroup;
			children = (
				AA745A8C2BABCC01009CA608 /* TapBarController */,
				AA628CA62B86565300C2F2E6 /* Extension */,
				AA628CA72B86565D00C2F2E6 /* Services */,
				AA628CA82B86567500C2F2E6 /* Views */,
				AA628CA92B86568000C2F2E6 /* Modules */,
				AA628C922B8654BE00C2F2E6 /* AppDelegate.swift */,
				AA628C942B8654BE00C2F2E6 /* SceneDelegate.swift */,
				AA628C962B8654BE00C2F2E6 /* ViewController.swift */,
				AA628C982B8654BE00C2F2E6 /* Main.storyboard */,
				AA628C9B2B8654C000C2F2E6 /* Assets.xcassets */,
				AA628C9D2B8654C000C2F2E6 /* LaunchScreen.storyboard */,
				AA628CA02B8654C000C2F2E6 /* Info.plist */,
			);
			path = MyMoviesViper;
			sourceTree = "<group>";
		};
		AA628CA62B86565300C2F2E6 /* Extension */ = {
			isa = PBXGroup;
			children = (
				AA2587402BBE45BD00370D68 /* Image */,
				AA628CAB2B8656B500C2F2E6 /* String */,
				AA628CAA2B8656AF00C2F2E6 /* View */,
				AA2587412BBE45ED00370D68 /* Image+extension.swift */,
			);
			path = Extension;
			sourceTree = "<group>";
		};
		AA628CA72B86565D00C2F2E6 /* Services */ = {
			isa = PBXGroup;
			children = (
				AA628CB12B86573200C2F2E6 /* MoviesWebService.swift */,
				AA628CB32B86574200C2F2E6 /* ErrorWebService .swift */,
				AA628CB52B86576100C2F2E6 /* MoviesPaths.swift */,
				AA628CB72B86577C00C2F2E6 /* MoviesUrlConfiguration.swift */,
			);
			path = Services;
			sourceTree = "<group>";
		};
		AA628CA82B86567500C2F2E6 /* Views */ = {
			isa = PBXGroup;
			children = (
				AAE6069F2B92DD0A006D94F7 /* UITableViewCell */,
			);
			path = Views;
			sourceTree = "<group>";
		};
		AA628CA92B86568000C2F2E6 /* Modules */ = {
			isa = PBXGroup;
			children = (
				AA93102F2BB50A5B008A3279 /* DetailView */,
				AA7E990C2BAE2098000EFD85 /* NowPlayingMovies */,
				AA745A6C2BABAA8A009CA608 /* UpcomingResponse */,
				AA628CB92B8657AC00C2F2E6 /* MostPopularMovies */,
			);
			path = Modules;
			sourceTree = "<group>";
		};
		AA628CAA2B8656AF00C2F2E6 /* View */ = {
			isa = PBXGroup;
			children = (
				AA628CAC2B8656CD00C2F2E6 /* UIView+Extension.swift */,
			);
			path = View;
			sourceTree = "<group>";
		};
		AA628CAB2B8656B500C2F2E6 /* String */ = {
			isa = PBXGroup;
			children = (
				AA628CAE2B8656F800C2F2E6 /* String+Extension.swift */,
			);
			path = String;
			sourceTree = "<group>";
		};
		AA628CB92B8657AC00C2F2E6 /* MostPopularMovies */ = {
			isa = PBXGroup;
			children = (
				AA628CC92B86581200C2F2E6 /* Entity */,
				AA628CC82B86580B00C2F2E6 /* Router */,
				AA628CC72B86580200C2F2E6 /* Protocols */,
				AA628CC62B8657FC00C2F2E6 /* Presenter */,
				AA628CC52B8657F600C2F2E6 /* Interarctor */,
				AA628CC42B8657E900C2F2E6 /* View */,
			);
			path = MostPopularMovies;
			sourceTree = "<group>";
		};
		AA628CC42B8657E900C2F2E6 /* View */ = {
			isa = PBXGroup;
			children = (
				AA628CCC2B86590E00C2F2E6 /* MostPopularMoviesViewController.swift */,
				AA7EDE6B2B9BCE5300FB8563 /* MostPopularMoviesExtension.swift */,
				AA8866512BA2B4FC00755D81 /* MostPopularMoviesViewController.xib */,
			);
			path = View;
			sourceTree = "<group>";
		};
		AA628CC52B8657F600C2F2E6 /* Interarctor */ = {
			isa = PBXGroup;
			children = (
				AA628CCE2B86590E00C2F2E6 /* MostPopularMoviesInteractor.swift */,
			);
			path = Interarctor;
			sourceTree = "<group>";
		};
		AA628CC62B8657FC00C2F2E6 /* Presenter */ = {
			isa = PBXGroup;
			children = (
				AA628CCA2B86590E00C2F2E6 /* MostPopularMoviesPresenter.swift */,
			);
			path = Presenter;
			sourceTree = "<group>";
		};
		AA628CC72B86580200C2F2E6 /* Protocols */ = {
			isa = PBXGroup;
			children = (
				AA628CCD2B86590E00C2F2E6 /* MostPopularMoviesProtocols.swift */,
			);
			path = Protocols;
			sourceTree = "<group>";
		};
		AA628CC82B86580B00C2F2E6 /* Router */ = {
			isa = PBXGroup;
			children = (
				AA628CCB2B86590E00C2F2E6 /* MostPopularMoviesRouter.swift */,
			);
			path = Router;
			sourceTree = "<group>";
		};
		AA628CC92B86581200C2F2E6 /* Entity */ = {
			isa = PBXGroup;
			children = (
				AA628CD42B86594B00C2F2E6 /* MostPopularMoviesResponse.swift */,
			);
			path = Entity;
			sourceTree = "<group>";
		};
		AA745A6C2BABAA8A009CA608 /* UpcomingResponse */ = {
			isa = PBXGroup;
			children = (
				AA745A7E2BABACCF009CA608 /* Entity */,
				AA745A7D2BABACC0009CA608 /* Router */,
				AA745A7C2BABACB4009CA608 /* Protocols */,
				AA745A7B2BABACAD009CA608 /* Presenter */,
				AA745A7A2BABACA1009CA608 /* Interactor */,
				AA745A782BABAC8C009CA608 /* View */,
			);
			path = UpcomingResponse;
			sourceTree = "<group>";
		};
		AA745A782BABAC8C009CA608 /* View */ = {
			isa = PBXGroup;
			children = (
				AA745A702BABAC81009CA608 /* UpcomingResponseViewController.swift */,
				AA745A812BABBE37009CA608 /* ExtensionUpcomingResponseView.swift */,
				AA745A842BABC03D009CA608 /* UpcomingResponseView.xib */,
			);
			path = View;
			sourceTree = "<group>";
		};
		AA745A7A2BABACA1009CA608 /* Interactor */ = {
			isa = PBXGroup;
			children = (
				AA745A722BABAC81009CA608 /* UpcomingResponseInteractor.swift */,
			);
			path = Interactor;
			sourceTree = "<group>";
		};
		AA745A7B2BABACAD009CA608 /* Presenter */ = {
			isa = PBXGroup;
			children = (
				AA745A6E2BABAC81009CA608 /* UpcomingResponsePresenter.swift */,
			);
			path = Presenter;
			sourceTree = "<group>";
		};
		AA745A7C2BABACB4009CA608 /* Protocols */ = {
			isa = PBXGroup;
			children = (
				AA745A712BABAC81009CA608 /* UpcomingResponseProtocols.swift */,
			);
			path = Protocols;
			sourceTree = "<group>";
		};
		AA745A7D2BABACC0009CA608 /* Router */ = {
			isa = PBXGroup;
			children = (
				AA745A6F2BABAC81009CA608 /* UpcomingResponseRouter.swift */,
			);
			path = Router;
			sourceTree = "<group>";
		};
		AA745A7E2BABACCF009CA608 /* Entity */ = {
			isa = PBXGroup;
			children = (
				AA745A7F2BABAD2F009CA608 /* UpcomingResponseEntity.swift */,
			);
			path = Entity;
			sourceTree = "<group>";
		};
		AA745A872BABC696009CA608 /* UpcomingResponse */ = {
			isa = PBXGroup;
			children = (
				AA745A882BABC6C9009CA608 /* UpcomingCellTableViewCell.swift */,
				AA745A892BABC6C9009CA608 /* UpcomingCellTableViewCell.xib */,
			);
			path = UpcomingResponse;
			sourceTree = "<group>";
		};
		AA745A8C2BABCC01009CA608 /* TapBarController */ = {
			isa = PBXGroup;
			children = (
				AA745A8D2BABCC1B009CA608 /* TapBarController.swift */,
			);
			path = TapBarController;
			sourceTree = "<group>";
		};
		AA7E990C2BAE2098000EFD85 /* NowPlayingMovies */ = {
			isa = PBXGroup;
			children = (
				AA7E991D2BAE20F5000EFD85 /* Entity */,
				AA7E991C2BAE20EE000EFD85 /* Router */,
				AA7E991A2BAE20E0000EFD85 /* Protocols */,
				AA7E99192BAE20D9000EFD85 /* Presenter */,
				AA7E99182BAE20CA000EFD85 /* Interactor */,
				AA7E99172BAE20C4000EFD85 /* View */,
			);
			path = NowPlayingMovies;
			sourceTree = "<group>";
		};
		AA7E99172BAE20C4000EFD85 /* View */ = {
			isa = PBXGroup;
			children = (
				AA7E990F2BAE20B9000EFD85 /* NowPlayingMoviesViewController.swift */,
				AA7E99252BAE2AED000EFD85 /* ExtensionNowPlayingMovies.swift */,
				AA7E99272BAE2B24000EFD85 /* NowPLayingMoviesView.xib */,
			);
			path = View;
			sourceTree = "<group>";
		};
		AA7E99182BAE20CA000EFD85 /* Interactor */ = {
			isa = PBXGroup;
			children = (
				AA7E99112BAE20B9000EFD85 /* NowPlayingMoviesInteractor.swift */,
			);
			path = Interactor;
			sourceTree = "<group>";
		};
		AA7E99192BAE20D9000EFD85 /* Presenter */ = {
			isa = PBXGroup;
			children = (
				AA7E990D2BAE20B9000EFD85 /* NowPlayingMoviesPresenter.swift */,
			);
			path = Presenter;
			sourceTree = "<group>";
		};
		AA7E991A2BAE20E0000EFD85 /* Protocols */ = {
			isa = PBXGroup;
			children = (
				AA7E99102BAE20B9000EFD85 /* NowPlayingMoviesProtocols.swift */,
			);
			path = Protocols;
			sourceTree = "<group>";
		};
		AA7E991C2BAE20EE000EFD85 /* Router */ = {
			isa = PBXGroup;
			children = (
				AA7E990E2BAE20B9000EFD85 /* NowPlayingMoviesRouter.swift */,
			);
			path = Router;
			sourceTree = "<group>";
		};
		AA7E991D2BAE20F5000EFD85 /* Entity */ = {
			isa = PBXGroup;
			children = (
				AA7E991E2BAE212D000EFD85 /* Entity.swift */,
			);
			path = Entity;
			sourceTree = "<group>";
		};
		AA7E99202BAE2998000EFD85 /* NowPlayingMovies  */ = {
			isa = PBXGroup;
			children = (
				AA7E99212BAE29B7000EFD85 /* NowPlayingMoviesTableViewCell.swift */,
				AA7E99222BAE29B7000EFD85 /* NowPlayingMoviesTableViewCell.xib */,
			);
			path = "NowPlayingMovies ";
			sourceTree = "<group>";
		};
		AA93102F2BB50A5B008A3279 /* DetailView */ = {
			isa = PBXGroup;
			children = (
				AA93103F2BB50B08008A3279 /* Entity */,
				AA93103E2BB50B00008A3279 /* Router */,
				AA93103D2BB50AF7008A3279 /* Protocols */,
				AA93103C2BB50AEC008A3279 /* Presenter */,
				AA93103B2BB50AE5008A3279 /* Interactor */,
				AA93103A2BB50ADA008A3279 /* View */,
			);
			path = DetailView;
			sourceTree = "<group>";
		};
		AA93103A2BB50ADA008A3279 /* View */ = {
			isa = PBXGroup;
			children = (
				AA9310322BB50ACD008A3279 /* DetailViewViewController.swift */,
			);
			path = View;
			sourceTree = "<group>";
		};
		AA93103B2BB50AE5008A3279 /* Interactor */ = {
			isa = PBXGroup;
			children = (
				AA9310342BB50ACD008A3279 /* DetailViewInteractor.swift */,
			);
			path = Interactor;
			sourceTree = "<group>";
		};
		AA93103C2BB50AEC008A3279 /* Presenter */ = {
			isa = PBXGroup;
			children = (
				AA9310302BB50ACD008A3279 /* DetailViewPresenter.swift */,
			);
			path = Presenter;
			sourceTree = "<group>";
		};
		AA93103D2BB50AF7008A3279 /* Protocols */ = {
			isa = PBXGroup;
			children = (
				AA9310332BB50ACD008A3279 /* DetailViewProtocols.swift */,
			);
			path = Protocols;
			sourceTree = "<group>";
		};
		AA93103E2BB50B00008A3279 /* Router */ = {
			isa = PBXGroup;
			children = (
				AA9310312BB50ACD008A3279 /* DetailViewRouter.swift */,
			);
			path = Router;
			sourceTree = "<group>";
		};
		AA93103F2BB50B08008A3279 /* Entity */ = {
			isa = PBXGroup;
			children = (
				AA9310402BB50B4A008A3279 /* DetailViewEntity.swift */,
			);
			path = Entity;
			sourceTree = "<group>";
		};
		AAE6069F2B92DD0A006D94F7 /* UITableViewCell */ = {
			isa = PBXGroup;
			children = (
				AA7E99202BAE2998000EFD85 /* NowPlayingMovies  */,
				AA745A872BABC696009CA608 /* UpcomingResponse */,
				AAE606A02B92DD23006D94F7 /* MostPopularMovies */,
			);
			path = UITableViewCell;
			sourceTree = "<group>";
		};
		AAE606A02B92DD23006D94F7 /* MostPopularMovies */ = {
			isa = PBXGroup;
			children = (
				AAE606A12B92DD52006D94F7 /* MostPopularTableViewCell.swift */,
				AAE606A22B92DD52006D94F7 /* MostPopularTableViewCell.xib */,
			);
			path = MostPopularMovies;
			sourceTree = "<group>";
		};
/* End PBXGroup section */

/* Begin PBXNativeTarget section */
		AA628C8E2B8654BE00C2F2E6 /* MyMoviesViper */ = {
			isa = PBXNativeTarget;
			buildConfigurationList = AA628CA32B8654C000C2F2E6 /* Build configuration list for PBXNativeTarget "MyMoviesViper" */;
			buildPhases = (
				AA628C8B2B8654BE00C2F2E6 /* Sources */,
				AA628C8C2B8654BE00C2F2E6 /* Frameworks */,
				AA628C8D2B8654BE00C2F2E6 /* Resources */,
			);
			buildRules = (
			);
			dependencies = (
			);
			name = MyMoviesViper;
			productName = MyMoviesViper;
			productReference = AA628C8F2B8654BE00C2F2E6 /* MyMoviesViper.app */;
			productType = "com.apple.product-type.application";
		};
/* End PBXNativeTarget section */

/* Begin PBXProject section */
		AA628C872B8654BE00C2F2E6 /* Project object */ = {
			isa = PBXProject;
			attributes = {
				BuildIndependentTargetsInParallel = 1;
				LastSwiftUpdateCheck = 1420;
				LastUpgradeCheck = 1420;
				TargetAttributes = {
					AA628C8E2B8654BE00C2F2E6 = {
						CreatedOnToolsVersion = 14.2;
					};
				};
			};
			buildConfigurationList = AA628C8A2B8654BE00C2F2E6 /* Build configuration list for PBXProject "MyMoviesViper" */;
			compatibilityVersion = "Xcode 14.0";
			developmentRegion = en;
			hasScannedForEncodings = 0;
			knownRegions = (
				en,
				Base,
			);
			mainGroup = AA628C862B8654BE00C2F2E6;
			productRefGroup = AA628C902B8654BE00C2F2E6 /* Products */;
			projectDirPath = "";
			projectRoot = "";
			targets = (
				AA628C8E2B8654BE00C2F2E6 /* MyMoviesViper */,
			);
		};
/* End PBXProject section */

/* Begin PBXResourcesBuildPhase section */
		AA628C8D2B8654BE00C2F2E6 /* Resources */ = {
			isa = PBXResourcesBuildPhase;
			buildActionMask = 2147483647;
			files = (
				AA7E99242BAE29B7000EFD85 /* NowPlayingMoviesTableViewCell.xib in Resources */,
				AA628C9F2B8654C000C2F2E6 /* LaunchScreen.storyboard in Resources */,
				AA745A8B2BABC6C9009CA608 /* UpcomingCellTableViewCell.xib in Resources */,
				AA628C9C2B8654C000C2F2E6 /* Assets.xcassets in Resources */,
				AA8866522BA2B4FC00755D81 /* MostPopularMoviesViewController.xib in Resources */,
				AAE606A42B92DD52006D94F7 /* MostPopularTableViewCell.xib in Resources */,
				AA628C9A2B8654BE00C2F2E6 /* Main.storyboard in Resources */,
				AA745A852BABC03D009CA608 /* UpcomingResponseView.xib in Resources */,
				AA7E99282BAE2B24000EFD85 /* NowPLayingMoviesView.xib in Resources */,
			);
			runOnlyForDeploymentPostprocessing = 0;
		};
/* End PBXResourcesBuildPhase section */

/* Begin PBXSourcesBuildPhase section */
		AA628C8B2B8654BE00C2F2E6 /* Sources */ = {
			isa = PBXSourcesBuildPhase;
			buildActionMask = 2147483647;
			files = (
				AA7E99152BAE20B9000EFD85 /* NowPlayingMoviesProtocols.swift in Sources */,
				AA7EDE6C2B9BCE5300FB8563 /* MostPopularMoviesExtension.swift in Sources */,
				AA628CAD2B8656CD00C2F2E6 /* UIView+Extension.swift in Sources */,
				AA7E99232BAE29B7000EFD85 /* NowPlayingMoviesTableViewCell.swift in Sources */,
				AA628CB62B86576100C2F2E6 /* MoviesPaths.swift in Sources */,
				AA7E991F2BAE212D000EFD85 /* Entity.swift in Sources */,
				AA9310392BB50ACD008A3279 /* DetailViewInteractor.swift in Sources */,
				AA745A752BABAC81009CA608 /* UpcomingResponseViewController.swift in Sources */,
				AA9310382BB50ACD008A3279 /* DetailViewProtocols.swift in Sources */,
				AA7E99162BAE20B9000EFD85 /* NowPlayingMoviesInteractor.swift in Sources */,
				AAE606A32B92DD52006D94F7 /* MostPopularTableViewCell.swift in Sources */,
				AA745A8E2BABCC1B009CA608 /* TapBarController.swift in Sources */,
				AA7E99262BAE2AED000EFD85 /* ExtensionNowPlayingMovies.swift in Sources */,
				AA628CCF2B86590E00C2F2E6 /* MostPopularMoviesPresenter.swift in Sources */,
				AA745A772BABAC81009CA608 /* UpcomingResponseInteractor.swift in Sources */,
				AA628C972B8654BE00C2F2E6 /* ViewController.swift in Sources */,
				AA745A8A2BABC6C9009CA608 /* UpcomingCellTableViewCell.swift in Sources */,
				AA2587422BBE45ED00370D68 /* Image+extension.swift in Sources */,
				AA745A822BABBE37009CA608 /* ExtensionUpcomingResponseView.swift in Sources */,
				AA9310362BB50ACD008A3279 /* DetailViewRouter.swift in Sources */,
				AA628C932B8654BE00C2F2E6 /* AppDelegate.swift in Sources */,
				AA745A742BABAC81009CA608 /* UpcomingResponseRouter.swift in Sources */,
				AA745A732BABAC81009CA608 /* UpcomingResponsePresenter.swift in Sources */,
				AA7E99142BAE20B9000EFD85 /* NowPlayingMoviesViewController.swift in Sources */,
				AA628CD22B86590E00C2F2E6 /* MostPopularMoviesProtocols.swift in Sources */,
				AA628CD32B86590E00C2F2E6 /* MostPopularMoviesInteractor.swift in Sources */,
				AA628CAF2B8656F800C2F2E6 /* String+Extension.swift in Sources */,
				AA628C952B8654BE00C2F2E6 /* SceneDelegate.swift in Sources */,
				AA745A762BABAC81009CA608 /* UpcomingResponseProtocols.swift in Sources */,
				AA9310412BB50B4A008A3279 /* DetailViewEntity.swift in Sources */,
				AA628CD02B86590E00C2F2E6 /* MostPopularMoviesRouter.swift in Sources */,
				AA628CD52B86594B00C2F2E6 /* MostPopularMoviesResponse.swift in Sources */,
				AA628CD12B86590E00C2F2E6 /* MostPopularMoviesViewController.swift in Sources */,
				AA9310372BB50ACD008A3279 /* DetailViewViewController.swift in Sources */,
				AA628CB42B86574200C2F2E6 /* ErrorWebService .swift in Sources */,
				AA745A802BABAD2F009CA608 /* UpcomingResponseEntity.swift in Sources */,
				AA628CB82B86577C00C2F2E6 /* MoviesUrlConfiguration.swift in Sources */,
				AA628CB22B86573200C2F2E6 /* MoviesWebService.swift in Sources */,
				AA7E99122BAE20B9000EFD85 /* NowPlayingMoviesPresenter.swift in Sources */,
				AA7E99132BAE20B9000EFD85 /* NowPlayingMoviesRouter.swift in Sources */,
				AA9310352BB50ACD008A3279 /* DetailViewPresenter.swift in Sources */,
			);
			runOnlyForDeploymentPostprocessing = 0;
		};
/* End PBXSourcesBuildPhase section */

/* Begin PBXVariantGroup section */
		AA628C982B8654BE00C2F2E6 /* Main.storyboard */ = {
			isa = PBXVariantGroup;
			children = (
				AA628C992B8654BE00C2F2E6 /* Base */,
			);
			name = Main.storyboard;
			sourceTree = "<group>";
		};
		AA628C9D2B8654C000C2F2E6 /* LaunchScreen.storyboard */ = {
			isa = PBXVariantGroup;
			children = (
				AA628C9E2B8654C000C2F2E6 /* Base */,
			);
			name = LaunchScreen.storyboard;
			sourceTree = "<group>";
		};
/* End PBXVariantGroup section */

/* Begin XCBuildConfiguration section */
		AA628CA12B8654C000C2F2E6 /* Debug */ = {
			isa = XCBuildConfiguration;
			buildSettings = {
				ALWAYS_SEARCH_USER_PATHS = NO;
				CLANG_ANALYZER_NONNULL = YES;
				CLANG_ANALYZER_NUMBER_OBJECT_CONVERSION = YES_AGGRESSIVE;
				CLANG_CXX_LANGUAGE_STANDARD = "gnu++20";
				CLANG_ENABLE_MODULES = YES;
				CLANG_ENABLE_OBJC_ARC = YES;
				CLANG_ENABLE_OBJC_WEAK = YES;
				CLANG_WARN_BLOCK_CAPTURE_AUTORELEASING = YES;
				CLANG_WARN_BOOL_CONVERSION = YES;
				CLANG_WARN_COMMA = YES;
				CLANG_WARN_CONSTANT_CONVERSION = YES;
				CLANG_WARN_DEPRECATED_OBJC_IMPLEMENTATIONS = YES;
				CLANG_WARN_DIRECT_OBJC_ISA_USAGE = YES_ERROR;
				CLANG_WARN_DOCUMENTATION_COMMENTS = YES;
				CLANG_WARN_EMPTY_BODY = YES;
				CLANG_WARN_ENUM_CONVERSION = YES;
				CLANG_WARN_INFINITE_RECURSION = YES;
				CLANG_WARN_INT_CONVERSION = YES;
				CLANG_WARN_NON_LITERAL_NULL_CONVERSION = YES;
				CLANG_WARN_OBJC_IMPLICIT_RETAIN_SELF = YES;
				CLANG_WARN_OBJC_LITERAL_CONVERSION = YES;
				CLANG_WARN_OBJC_ROOT_CLASS = YES_ERROR;
				CLANG_WARN_QUOTED_INCLUDE_IN_FRAMEWORK_HEADER = YES;
				CLANG_WARN_RANGE_LOOP_ANALYSIS = YES;
				CLANG_WARN_STRICT_PROTOTYPES = YES;
				CLANG_WARN_SUSPICIOUS_MOVE = YES;
				CLANG_WARN_UNGUARDED_AVAILABILITY = YES_AGGRESSIVE;
				CLANG_WARN_UNREACHABLE_CODE = YES;
				CLANG_WARN__DUPLICATE_METHOD_MATCH = YES;
				COPY_PHASE_STRIP = NO;
				DEBUG_INFORMATION_FORMAT = dwarf;
				ENABLE_STRICT_OBJC_MSGSEND = YES;
				ENABLE_TESTABILITY = YES;
				GCC_C_LANGUAGE_STANDARD = gnu11;
				GCC_DYNAMIC_NO_PIC = NO;
				GCC_NO_COMMON_BLOCKS = YES;
				GCC_OPTIMIZATION_LEVEL = 0;
				GCC_PREPROCESSOR_DEFINITIONS = (
					"DEBUG=1",
					"$(inherited)",
				);
				GCC_WARN_64_TO_32_BIT_CONVERSION = YES;
				GCC_WARN_ABOUT_RETURN_TYPE = YES_ERROR;
				GCC_WARN_UNDECLARED_SELECTOR = YES;
				GCC_WARN_UNINITIALIZED_AUTOS = YES_AGGRESSIVE;
				GCC_WARN_UNUSED_FUNCTION = YES;
				GCC_WARN_UNUSED_VARIABLE = YES;
				IPHONEOS_DEPLOYMENT_TARGET = 14.0;
				MTL_ENABLE_DEBUG_INFO = INCLUDE_SOURCE;
				MTL_FAST_MATH = YES;
				ONLY_ACTIVE_ARCH = YES;
				SDKROOT = iphoneos;
				SWIFT_ACTIVE_COMPILATION_CONDITIONS = DEBUG;
				SWIFT_OPTIMIZATION_LEVEL = "-Onone";
			};
			name = Debug;
		};
		AA628CA22B8654C000C2F2E6 /* Release */ = {
			isa = XCBuildConfiguration;
			buildSettings = {
				ALWAYS_SEARCH_USER_PATHS = NO;
				CLANG_ANALYZER_NONNULL = YES;
				CLANG_ANALYZER_NUMBER_OBJECT_CONVERSION = YES_AGGRESSIVE;
				CLANG_CXX_LANGUAGE_STANDARD = "gnu++20";
				CLANG_ENABLE_MODULES = YES;
				CLANG_ENABLE_OBJC_ARC = YES;
				CLANG_ENABLE_OBJC_WEAK = YES;
				CLANG_WARN_BLOCK_CAPTURE_AUTORELEASING = YES;
				CLANG_WARN_BOOL_CONVERSION = YES;
				CLANG_WARN_COMMA = YES;
				CLANG_WARN_CONSTANT_CONVERSION = YES;
				CLANG_WARN_DEPRECATED_OBJC_IMPLEMENTATIONS = YES;
				CLANG_WARN_DIRECT_OBJC_ISA_USAGE = YES_ERROR;
				CLANG_WARN_DOCUMENTATION_COMMENTS = YES;
				CLANG_WARN_EMPTY_BODY = YES;
				CLANG_WARN_ENUM_CONVERSION = YES;
				CLANG_WARN_INFINITE_RECURSION = YES;
				CLANG_WARN_INT_CONVERSION = YES;
				CLANG_WARN_NON_LITERAL_NULL_CONVERSION = YES;
				CLANG_WARN_OBJC_IMPLICIT_RETAIN_SELF = YES;
				CLANG_WARN_OBJC_LITERAL_CONVERSION = YES;
				CLANG_WARN_OBJC_ROOT_CLASS = YES_ERROR;
				CLANG_WARN_QUOTED_INCLUDE_IN_FRAMEWORK_HEADER = YES;
				CLANG_WARN_RANGE_LOOP_ANALYSIS = YES;
				CLANG_WARN_STRICT_PROTOTYPES = YES;
				CLANG_WARN_SUSPICIOUS_MOVE = YES;
				CLANG_WARN_UNGUARDED_AVAILABILITY = YES_AGGRESSIVE;
				CLANG_WARN_UNREACHABLE_CODE = YES;
				CLANG_WARN__DUPLICATE_METHOD_MATCH = YES;
				COPY_PHASE_STRIP = NO;
				DEBUG_INFORMATION_FORMAT = "dwarf-with-dsym";
				ENABLE_NS_ASSERTIONS = NO;
				ENABLE_STRICT_OBJC_MSGSEND = YES;
				GCC_C_LANGUAGE_STANDARD = gnu11;
				GCC_NO_COMMON_BLOCKS = YES;
				GCC_WARN_64_TO_32_BIT_CONVERSION = YES;
				GCC_WARN_ABOUT_RETURN_TYPE = YES_ERROR;
				GCC_WARN_UNDECLARED_SELECTOR = YES;
				GCC_WARN_UNINITIALIZED_AUTOS = YES_AGGRESSIVE;
				GCC_WARN_UNUSED_FUNCTION = YES;
				GCC_WARN_UNUSED_VARIABLE = YES;
				IPHONEOS_DEPLOYMENT_TARGET = 14.0;
				MTL_ENABLE_DEBUG_INFO = NO;
				MTL_FAST_MATH = YES;
				SDKROOT = iphoneos;
				SWIFT_COMPILATION_MODE = wholemodule;
				SWIFT_OPTIMIZATION_LEVEL = "-O";
				VALIDATE_PRODUCT = YES;
			};
			name = Release;
		};
		AA628CA42B8654C000C2F2E6 /* Debug */ = {
			isa = XCBuildConfiguration;
			buildSettings = {
				ASSETCATALOG_COMPILER_APPICON_NAME = AppIcon;
				ASSETCATALOG_COMPILER_GLOBAL_ACCENT_COLOR_NAME = AccentColor;
				CODE_SIGN_STYLE = Automatic;
				CURRENT_PROJECT_VERSION = 1;
				GENERATE_INFOPLIST_FILE = YES;
				INFOPLIST_FILE = MyMoviesViper/Info.plist;
				INFOPLIST_KEY_UIApplicationSupportsIndirectInputEvents = YES;
				INFOPLIST_KEY_UILaunchStoryboardName = LaunchScreen;
				INFOPLIST_KEY_UIMainStoryboardFile = Main;
				INFOPLIST_KEY_UISupportedInterfaceOrientations_iPad = "UIInterfaceOrientationPortrait UIInterfaceOrientationPortraitUpsideDown UIInterfaceOrientationLandscapeLeft UIInterfaceOrientationLandscapeRight";
				INFOPLIST_KEY_UISupportedInterfaceOrientations_iPhone = "UIInterfaceOrientationPortrait UIInterfaceOrientationLandscapeLeft UIInterfaceOrientationLandscapeRight";
				IPHONEOS_DEPLOYMENT_TARGET = 14.0;
				LD_RUNPATH_SEARCH_PATHS = (
					"$(inherited)",
					"@executable_path/Frameworks",
				);
				MARKETING_VERSION = 1.0;
				PRODUCT_BUNDLE_IDENTIFIER = MA.MyMoviesViper;
				PRODUCT_NAME = "$(TARGET_NAME)";
				SUPPORTED_PLATFORMS = "iphoneos iphonesimulator";
				SUPPORTS_MACCATALYST = NO;
				SUPPORTS_MAC_DESIGNED_FOR_IPHONE_IPAD = NO;
				SWIFT_EMIT_LOC_STRINGS = YES;
				SWIFT_VERSION = 5.0;
				TARGETED_DEVICE_FAMILY = 1;
			};
			name = Debug;
		};
		AA628CA52B8654C000C2F2E6 /* Release */ = {
			isa = XCBuildConfiguration;
			buildSettings = {
				ASSETCATALOG_COMPILER_APPICON_NAME = AppIcon;
				ASSETCATALOG_COMPILER_GLOBAL_ACCENT_COLOR_NAME = AccentColor;
				CODE_SIGN_STYLE = Automatic;
				CURRENT_PROJECT_VERSION = 1;
				GENERATE_INFOPLIST_FILE = YES;
				INFOPLIST_FILE = MyMoviesViper/Info.plist;
				INFOPLIST_KEY_UIApplicationSupportsIndirectInputEvents = YES;
				INFOPLIST_KEY_UILaunchStoryboardName = LaunchScreen;
				INFOPLIST_KEY_UIMainStoryboardFile = Main;
				INFOPLIST_KEY_UISupportedInterfaceOrientations_iPad = "UIInterfaceOrientationPortrait UIInterfaceOrientationPortraitUpsideDown UIInterfaceOrientationLandscapeLeft UIInterfaceOrientationLandscapeRight";
				INFOPLIST_KEY_UISupportedInterfaceOrientations_iPhone = "UIInterfaceOrientationPortrait UIInterfaceOrientationLandscapeLeft UIInterfaceOrientationLandscapeRight";
				IPHONEOS_DEPLOYMENT_TARGET = 14.0;
				LD_RUNPATH_SEARCH_PATHS = (
					"$(inherited)",
					"@executable_path/Frameworks",
				);
				MARKETING_VERSION = 1.0;
				PRODUCT_BUNDLE_IDENTIFIER = MA.MyMoviesViper;
				PRODUCT_NAME = "$(TARGET_NAME)";
				SUPPORTED_PLATFORMS = "iphoneos iphonesimulator";
				SUPPORTS_MACCATALYST = NO;
				SUPPORTS_MAC_DESIGNED_FOR_IPHONE_IPAD = NO;
				SWIFT_EMIT_LOC_STRINGS = YES;
				SWIFT_VERSION = 5.0;
				TARGETED_DEVICE_FAMILY = 1;
			};
			name = Release;
		};
/* End XCBuildConfiguration section */

/* Begin XCConfigurationList section */
		AA628C8A2B8654BE00C2F2E6 /* Build configuration list for PBXProject "MyMoviesViper" */ = {
			isa = XCConfigurationList;
			buildConfigurations = (
				AA628CA12B8654C000C2F2E6 /* Debug */,
				AA628CA22B8654C000C2F2E6 /* Release */,
			);
			defaultConfigurationIsVisible = 0;
			defaultConfigurationName = Release;
		};
		AA628CA32B8654C000C2F2E6 /* Build configuration list for PBXNativeTarget "MyMoviesViper" */ = {
			isa = XCConfigurationList;
			buildConfigurations = (
				AA628CA42B8654C000C2F2E6 /* Debug */,
				AA628CA52B8654C000C2F2E6 /* Release */,
			);
			defaultConfigurationIsVisible = 0;
			defaultConfigurationName = Release;
		};
/* End XCConfigurationList section */
	};
	rootObject = AA628C872B8654BE00C2F2E6 /* Project object */;
}
